
Microsoft Visual Studio Solution File, Format Version 12.00
# Visual Studio Version 17
VisualStudioVersion = 17.1.32328.378
MinimumVisualStudioVersion = 10.0.40219.1
Project("{FAE04EC0-301F-11D3-BF4B-00C04F79EFBC}") = "MinimalApi", "MinimalApi.csproj", "{81AF630D-A58A-4F9D-8EA7-FF566A06E24B}"
EndProject
Global
	GlobalSection(SolutionConfigurationPlatforms) = preSolution
		Debug|Any CPU = Debug|Any CPU
		Release|Any CPU = Release|Any CPU
	EndGlobalSection
	GlobalSection(ProjectConfigurationPlatforms) = postSolution
		{81AF630D-A58A-4F9D-8EA7-FF566A06E24B}.Debug|Any CPU.ActiveCfg = Debug|Any CPU
		{81AF630D-A58A-4F9D-8EA7-FF566A06E24B}.Debug|Any CPU.Build.0 = Debug|Any CPU
		{81AF630D-A58A-4F9D-8EA7-FF566A06E24B}.Release|Any CPU.ActiveCfg = Release|Any CPU
		{81AF630D-A58A-4F9D-8EA7-FF566A06E24B}.Release|Any CPU.Build.0 = Release|Any CPU
	EndGlobalSection
	GlobalSection(SolutionProperties) = preSolution
		HideSolutionNode = FALSE
	EndGlobalSection
	GlobalSection(ExtensibilityGlobals) = postSolution
		SolutionGuid = {1C31EEB9-1415-4F98-BF35-6D4B4A9FCCAC}
	EndGlobalSection
EndGlobal
